
Microsoft Visual Studio Solution File, Format Version 12.00
# Visual Studio Version 17
VisualStudioVersion = 17.4.33205.214
MinimumVisualStudioVersion = 10.0.40219.1
Project("{FAE04EC0-301F-11D3-BF4B-00C04F79EFBC}") = "Salvi.Matteo.4H.ReadCSV", "Salvi.Matteo.4H.ReadCSV\Salvi.Matteo.4H.ReadCSV.csproj", "{4909C6FB-B015-43F2-8D8F-3B3C585DC3EA}"
EndProject
Global
	GlobalSection(SolutionConfigurationPlatforms) = preSolution
		Debug|Any CPU = Debug|Any CPU
		Release|Any CPU = Release|Any CPU
	EndGlobalSection
	GlobalSection(ProjectConfigurationPlatforms) = postSolution
		{4909C6FB-B015-43F2-8D8F-3B3C585DC3EA}.Debug|Any CPU.ActiveCfg = Debug|Any CPU
		{4909C6FB-B015-43F2-8D8F-3B3C585DC3EA}.Debug|Any CPU.Build.0 = Debug|Any CPU
		{4909C6FB-B015-43F2-8D8F-3B3C585DC3EA}.Release|Any CPU.ActiveCfg = Release|Any CPU
		{4909C6FB-B015-43F2-8D8F-3B3C585DC3EA}.Release|Any CPU.Build.0 = Release|Any CPU
	EndGlobalSection
	GlobalSection(SolutionProperties) = preSolution
		HideSolutionNode = FALSE
	EndGlobalSection
	GlobalSection(ExtensibilityGlobals) = postSolution
		SolutionGuid = {5CB0FF68-E790-457A-973B-7920137EB58B}
	EndGlobalSection
EndGlobal
